
Microsoft Visual Studio Solution File, Format Version 12.00
# Visual Studio Version 17
VisualStudioVersion = 17.2.32630.192
MinimumVisualStudioVersion = 10.0.40219.1
Project("{FAE04EC0-301F-11D3-BF4B-00C04F79EFBC}") = "MovingTheBalls", "MovingTheBalls.csproj", "{79539AB3-BB16-4045-9EEB-361214827A81}"
EndProject
Global
	GlobalSection(SolutionConfigurationPlatforms) = preSolution
		Debug|Any CPU = Debug|Any CPU
		Release|Any CPU = Release|Any CPU
	EndGlobalSection
	GlobalSection(ProjectConfigurationPlatforms) = postSolution
		{79539AB3-BB16-4045-9EEB-361214827A81}.Debug|Any CPU.ActiveCfg = Debug|Any CPU
		{79539AB3-BB16-4045-9EEB-361214827A81}.Debug|Any CPU.Build.0 = Debug|Any CPU
		{79539AB3-BB16-4045-9EEB-361214827A81}.Release|Any CPU.ActiveCfg = Release|Any CPU
		{79539AB3-BB16-4045-9EEB-361214827A81}.Release|Any CPU.Build.0 = Release|Any CPU
	EndGlobalSection
	GlobalSection(SolutionProperties) = preSolution
		HideSolutionNode = FALSE
	EndGlobalSection
	GlobalSection(ExtensibilityGlobals) = postSolution
		SolutionGuid = {B236CA67-1044-41E3-8E17-F91F09D6869E}
	EndGlobalSection
EndGlobal
